
Microsoft Visual Studio Solution File, Format Version 12.00
# Visual Studio 14
VisualStudioVersion = 14.0.25420.1
MinimumVisualStudioVersion = 10.0.40219.1
Project("{FAE04EC0-301F-11D3-BF4B-00C04F79EFBC}") = "Collection.WebClient", "Collection.WebClient\Collection.WebClient.csproj", "{BC41526B-AAC8-4C05-ABEF-2D246440CE74}"
EndProject
Project("{FAE04EC0-301F-11D3-BF4B-00C04F79EFBC}") = "Collection.APIs", "Collection.APIs\Collection.APIs.csproj", "{9BD77783-8FED-4AEA-925E-C225BAE622B3}"
EndProject
Project("{FAE04EC0-301F-11D3-BF4B-00C04F79EFBC}") = "Collection.DSL", "Collection.DSL\Collection.DSL.csproj", "{C47FDFCF-B015-4546-B6F9-FAAD9F979249}"
EndProject
Project("{FAE04EC0-301F-11D3-BF4B-00C04F79EFBC}") = "Collection.Repository", "Collection.Repository\Collection.Repository.csproj", "{4774AD1F-D435-4219-9857-DA774522DC8B}"
EndProject
Project("{FAE04EC0-301F-11D3-BF4B-00C04F79EFBC}") = "Collection.DAL", "Collection.DAL\Collection.DAL.csproj", "{D77E190D-DC38-4F59-89B3-724EF353169E}"
EndProject
Global
	GlobalSection(SolutionConfigurationPlatforms) = preSolution
		Debug|Any CPU = Debug|Any CPU
		Release|Any CPU = Release|Any CPU
	EndGlobalSection
	GlobalSection(ProjectConfigurationPlatforms) = postSolution
		{BC41526B-AAC8-4C05-ABEF-2D246440CE74}.Debug|Any CPU.ActiveCfg = Debug|Any CPU
		{BC41526B-AAC8-4C05-ABEF-2D246440CE74}.Debug|Any CPU.Build.0 = Debug|Any CPU
		{BC41526B-AAC8-4C05-ABEF-2D246440CE74}.Release|Any CPU.ActiveCfg = Release|Any CPU
		{BC41526B-AAC8-4C05-ABEF-2D246440CE74}.Release|Any CPU.Build.0 = Release|Any CPU
		{9BD77783-8FED-4AEA-925E-C225BAE622B3}.Debug|Any CPU.ActiveCfg = Debug|Any CPU
		{9BD77783-8FED-4AEA-925E-C225BAE622B3}.Debug|Any CPU.Build.0 = Debug|Any CPU
		{9BD77783-8FED-4AEA-925E-C225BAE622B3}.Release|Any CPU.ActiveCfg = Release|Any CPU
		{9BD77783-8FED-4AEA-925E-C225BAE622B3}.Release|Any CPU.Build.0 = Release|Any CPU
		{C47FDFCF-B015-4546-B6F9-FAAD9F979249}.Debug|Any CPU.ActiveCfg = Debug|Any CPU
		{C47FDFCF-B015-4546-B6F9-FAAD9F979249}.Debug|Any CPU.Build.0 = Debug|Any CPU
		{C47FDFCF-B015-4546-B6F9-FAAD9F979249}.Release|Any CPU.ActiveCfg = Release|Any CPU
		{C47FDFCF-B015-4546-B6F9-FAAD9F979249}.Release|Any CPU.Build.0 = Release|Any CPU
		{4774AD1F-D435-4219-9857-DA774522DC8B}.Debug|Any CPU.ActiveCfg = Debug|Any CPU
		{4774AD1F-D435-4219-9857-DA774522DC8B}.Debug|Any CPU.Build.0 = Debug|Any CPU
		{4774AD1F-D435-4219-9857-DA774522DC8B}.Release|Any CPU.ActiveCfg = Release|Any CPU
		{4774AD1F-D435-4219-9857-DA774522DC8B}.Release|Any CPU.Build.0 = Release|Any CPU
		{D77E190D-DC38-4F59-89B3-724EF353169E}.Debug|Any CPU.ActiveCfg = Debug|Any CPU
		{D77E190D-DC38-4F59-89B3-724EF353169E}.Debug|Any CPU.Build.0 = Debug|Any CPU
		{D77E190D-DC38-4F59-89B3-724EF353169E}.Release|Any CPU.ActiveCfg = Release|Any CPU
		{D77E190D-DC38-4F59-89B3-724EF353169E}.Release|Any CPU.Build.0 = Release|Any CPU
	EndGlobalSection
	GlobalSection(SolutionProperties) = preSolution
		HideSolutionNode = FALSE
	EndGlobalSection
EndGlobal
